
Microsoft Visual Studio Solution File, Format Version 12.00
# Visual Studio 15
VisualStudioVersion = 15.0.27004.2006
MinimumVisualStudioVersion = 10.0.40219.1
Project("{FAE04EC0-301F-11D3-BF4B-00C04F79EFBC}") = "LibStorj.Wrapper.x64", "LibStorj.Wrapper.x64\LibStorj.Wrapper.x64.csproj", "{D9BD806C-6077-400B-A6D0-DBE1A58E3FA6}"
EndProject
Project("{FAE04EC0-301F-11D3-BF4B-00C04F79EFBC}") = "LibStorj.Wrapper.Test.Console.x64", "LibStorj.Wrapper.Test.Console\LibStorj.Wrapper.Test.Console.x64.csproj", "{A9BDA440-3FC5-4F71-B272-C7EDD7DDBD54}"
EndProject
Project("{FAE04EC0-301F-11D3-BF4B-00C04F79EFBC}") = "LibStorj.Wrapper.Test.UWP.x64", "LibStorj.Wrapper.Test.UWP.x64\LibStorj.Wrapper.Test.UWP.x64.csproj", "{AB861673-14B4-4D4B-879A-67EC824016CC}"
EndProject
Project("{9A19103F-16F7-4668-BE54-9A1E7A4F7556}") = "LibStorj.Wrapper.Contracts", "LibStorj.Wrapper.Contracts.NetStandard\LibStorj.Wrapper.Contracts.csproj", "{E25AD32A-2E01-481A-ADF8-71C880646B23}"
EndProject
Global
	GlobalSection(SolutionConfigurationPlatforms) = preSolution
		Debug|Any CPU = Debug|Any CPU
		Debug|ARM = Debug|ARM
		Debug|x64 = Debug|x64
		Debug|x86 = Debug|x86
		Release|Any CPU = Release|Any CPU
		Release|ARM = Release|ARM
		Release|x64 = Release|x64
		Release|x86 = Release|x86
	EndGlobalSection
	GlobalSection(ProjectConfigurationPlatforms) = postSolution
		{D9BD806C-6077-400B-A6D0-DBE1A58E3FA6}.Debug|Any CPU.ActiveCfg = Debug|Any CPU
		{D9BD806C-6077-400B-A6D0-DBE1A58E3FA6}.Debug|Any CPU.Build.0 = Debug|Any CPU
		{D9BD806C-6077-400B-A6D0-DBE1A58E3FA6}.Debug|ARM.ActiveCfg = Debug|Any CPU
		{D9BD806C-6077-400B-A6D0-DBE1A58E3FA6}.Debug|ARM.Build.0 = Debug|Any CPU
		{D9BD806C-6077-400B-A6D0-DBE1A58E3FA6}.Debug|x64.ActiveCfg = Debug|Any CPU
		{D9BD806C-6077-400B-A6D0-DBE1A58E3FA6}.Debug|x64.Build.0 = Debug|Any CPU
		{D9BD806C-6077-400B-A6D0-DBE1A58E3FA6}.Debug|x86.ActiveCfg = Debug|Any CPU
		{D9BD806C-6077-400B-A6D0-DBE1A58E3FA6}.Debug|x86.Build.0 = Debug|Any CPU
		{D9BD806C-6077-400B-A6D0-DBE1A58E3FA6}.Release|Any CPU.ActiveCfg = Release|Any CPU
		{D9BD806C-6077-400B-A6D0-DBE1A58E3FA6}.Release|Any CPU.Build.0 = Release|Any CPU
		{D9BD806C-6077-400B-A6D0-DBE1A58E3FA6}.Release|ARM.ActiveCfg = Release|Any CPU
		{D9BD806C-6077-400B-A6D0-DBE1A58E3FA6}.Release|ARM.Build.0 = Release|Any CPU
		{D9BD806C-6077-400B-A6D0-DBE1A58E3FA6}.Release|x64.ActiveCfg = Release|Any CPU
		{D9BD806C-6077-400B-A6D0-DBE1A58E3FA6}.Release|x64.Build.0 = Release|Any CPU
		{D9BD806C-6077-400B-A6D0-DBE1A58E3FA6}.Release|x86.ActiveCfg = Release|Any CPU
		{D9BD806C-6077-400B-A6D0-DBE1A58E3FA6}.Release|x86.Build.0 = Release|Any CPU
		{A9BDA440-3FC5-4F71-B272-C7EDD7DDBD54}.Debug|Any CPU.ActiveCfg = Debug|x64
		{A9BDA440-3FC5-4F71-B272-C7EDD7DDBD54}.Debug|ARM.ActiveCfg = Debug|x64
		{A9BDA440-3FC5-4F71-B272-C7EDD7DDBD54}.Debug|x64.ActiveCfg = Debug|x64
		{A9BDA440-3FC5-4F71-B272-C7EDD7DDBD54}.Debug|x64.Build.0 = Debug|x64
		{A9BDA440-3FC5-4F71-B272-C7EDD7DDBD54}.Debug|x86.ActiveCfg = Debug|x64
		{A9BDA440-3FC5-4F71-B272-C7EDD7DDBD54}.Release|Any CPU.ActiveCfg = Release|x64
		{A9BDA440-3FC5-4F71-B272-C7EDD7DDBD54}.Release|ARM.ActiveCfg = Release|x64
		{A9BDA440-3FC5-4F71-B272-C7EDD7DDBD54}.Release|x64.ActiveCfg = Release|x64
		{A9BDA440-3FC5-4F71-B272-C7EDD7DDBD54}.Release|x64.Build.0 = Release|x64
		{A9BDA440-3FC5-4F71-B272-C7EDD7DDBD54}.Release|x86.ActiveCfg = Release|x64
		{AB861673-14B4-4D4B-879A-67EC824016CC}.Debug|Any CPU.ActiveCfg = Debug|x86
		{AB861673-14B4-4D4B-879A-67EC824016CC}.Debug|ARM.ActiveCfg = Debug|ARM
		{AB861673-14B4-4D4B-879A-67EC824016CC}.Debug|ARM.Build.0 = Debug|ARM
		{AB861673-14B4-4D4B-879A-67EC824016CC}.Debug|ARM.Deploy.0 = Debug|ARM
		{AB861673-14B4-4D4B-879A-67EC824016CC}.Debug|x64.ActiveCfg = Debug|x64
		{AB861673-14B4-4D4B-879A-67EC824016CC}.Debug|x64.Build.0 = Debug|x64
		{AB861673-14B4-4D4B-879A-67EC824016CC}.Debug|x64.Deploy.0 = Debug|x64
		{AB861673-14B4-4D4B-879A-67EC824016CC}.Debug|x86.ActiveCfg = Debug|x86
		{AB861673-14B4-4D4B-879A-67EC824016CC}.Debug|x86.Build.0 = Debug|x86
		{AB861673-14B4-4D4B-879A-67EC824016CC}.Debug|x86.Deploy.0 = Debug|x86
		{AB861673-14B4-4D4B-879A-67EC824016CC}.Release|Any CPU.ActiveCfg = Release|x86
		{AB861673-14B4-4D4B-879A-67EC824016CC}.Release|ARM.ActiveCfg = Release|ARM
		{AB861673-14B4-4D4B-879A-67EC824016CC}.Release|ARM.Build.0 = Release|ARM
		{AB861673-14B4-4D4B-879A-67EC824016CC}.Release|ARM.Deploy.0 = Release|ARM
		{AB861673-14B4-4D4B-879A-67EC824016CC}.Release|x64.ActiveCfg = Release|x64
		{AB861673-14B4-4D4B-879A-67EC824016CC}.Release|x64.Build.0 = Release|x64
		{AB861673-14B4-4D4B-879A-67EC824016CC}.Release|x64.Deploy.0 = Release|x64
		{AB861673-14B4-4D4B-879A-67EC824016CC}.Release|x86.ActiveCfg = Release|x86
		{AB861673-14B4-4D4B-879A-67EC824016CC}.Release|x86.Build.0 = Release|x86
		{AB861673-14B4-4D4B-879A-67EC824016CC}.Release|x86.Deploy.0 = Release|x86
		{E25AD32A-2E01-481A-ADF8-71C880646B23}.Debug|Any CPU.ActiveCfg = Debug|Any CPU
		{E25AD32A-2E01-481A-ADF8-71C880646B23}.Debug|Any CPU.Build.0 = Debug|Any CPU
		{E25AD32A-2E01-481A-ADF8-71C880646B23}.Debug|ARM.ActiveCfg = Debug|Any CPU
		{E25AD32A-2E01-481A-ADF8-71C880646B23}.Debug|ARM.Build.0 = Debug|Any CPU
		{E25AD32A-2E01-481A-ADF8-71C880646B23}.Debug|x64.ActiveCfg = Debug|Any CPU
		{E25AD32A-2E01-481A-ADF8-71C880646B23}.Debug|x64.Build.0 = Debug|Any CPU
		{E25AD32A-2E01-481A-ADF8-71C880646B23}.Debug|x86.ActiveCfg = Debug|Any CPU
		{E25AD32A-2E01-481A-ADF8-71C880646B23}.Debug|x86.Build.0 = Debug|Any CPU
		{E25AD32A-2E01-481A-ADF8-71C880646B23}.Release|Any CPU.ActiveCfg = Release|Any CPU
		{E25AD32A-2E01-481A-ADF8-71C880646B23}.Release|Any CPU.Build.0 = Release|Any CPU
		{E25AD32A-2E01-481A-ADF8-71C880646B23}.Release|ARM.ActiveCfg = Release|Any CPU
		{E25AD32A-2E01-481A-ADF8-71C880646B23}.Release|ARM.Build.0 = Release|Any CPU
		{E25AD32A-2E01-481A-ADF8-71C880646B23}.Release|x64.ActiveCfg = Release|Any CPU
		{E25AD32A-2E01-481A-ADF8-71C880646B23}.Release|x64.Build.0 = Release|Any CPU
		{E25AD32A-2E01-481A-ADF8-71C880646B23}.Release|x86.ActiveCfg = Release|Any CPU
		{E25AD32A-2E01-481A-ADF8-71C880646B23}.Release|x86.Build.0 = Release|Any CPU
	EndGlobalSection
	GlobalSection(SolutionProperties) = preSolution
		HideSolutionNode = FALSE
	EndGlobalSection
	GlobalSection(ExtensibilityGlobals) = postSolution
		SolutionGuid = {6BCCDD3C-C157-43A3-8100-4AE6FFD7038B}
	EndGlobalSection
EndGlobal
